// !$*UTF8*$!
{
	archiveVersion = 1;
	classes = {
	};
	objectVersion = 51;
	objects = {

/* Begin PBXBuildFile section */
		96182E5E27149DA900DCDD9B /* AppDelegate.swift in Sources */ = {isa = PBXBuildFile; fileRef = 96182E5D27149DA900DCDD9B /* AppDelegate.swift */; };
		96182E6027149DA900DCDD9B /* SceneDelegate.swift in Sources */ = {isa = PBXBuildFile; fileRef = 96182E5F27149DA900DCDD9B /* SceneDelegate.swift */; };
		96182E6227149DA900DCDD9B /* ViewController.swift in Sources */ = {isa = PBXBuildFile; fileRef = 96182E6127149DA900DCDD9B /* ViewController.swift */; };
		96182E6527149DA900DCDD9B /* Main.storyboard in Resources */ = {isa = PBXBuildFile; fileRef = 96182E6327149DA900DCDD9B /* Main.storyboard */; };
		96182E6727149DB100DCDD9B /* Assets.xcassets in Resources */ = {isa = PBXBuildFile; fileRef = 96182E6627149DB100DCDD9B /* Assets.xcassets */; };
		96182E6A27149DB100DCDD9B /* LaunchScreen.storyboard in Resources */ = {isa = PBXBuildFile; fileRef = 96182E6827149DB100DCDD9B /* LaunchScreen.storyboard */; };
		96182E7527149DB100DCDD9B /* MobileAppsTests.swift in Sources */ = {isa = PBXBuildFile; fileRef = 96182E7427149DB100DCDD9B /* MobileAppsTests.swift */; };
		96182E8027149DB100DCDD9B /* MobileAppsUITests.swift in Sources */ = {isa = PBXBuildFile; fileRef = 96182E7F27149DB100DCDD9B /* MobileAppsUITests.swift */; };
		96182E9227149E2700DCDD9B /* NetworkManager.swift in Sources */ = {isa = PBXBuildFile; fileRef = 96182E9127149E2700DCDD9B /* NetworkManager.swift */; };
		96182E9B27149E3E00DCDD9B /* URLManager.swift in Sources */ = {isa = PBXBuildFile; fileRef = 96182E9A27149E3E00DCDD9B /* URLManager.swift */; };
		96182EA027149E5300DCDD9B /* DataProvider.swift in Sources */ = {isa = PBXBuildFile; fileRef = 96182E9F27149E5300DCDD9B /* DataProvider.swift */; };
		96182EAE2714A19E00DCDD9B /* Extension.swift in Sources */ = {isa = PBXBuildFile; fileRef = 96182EAD2714A19E00DCDD9B /* Extension.swift */; };
		96182EB62714A1D100DCDD9B /* Constants.swift in Sources */ = {isa = PBXBuildFile; fileRef = 96182EB52714A1D100DCDD9B /* Constants.swift */; };
		965215832719374300FEED35 /* AllCollectionViewCell.swift in Sources */ = {isa = PBXBuildFile; fileRef = 965215812719374300FEED35 /* AllCollectionViewCell.swift */; };
		965215842719374300FEED35 /* AllCollectionViewCell.xib in Resources */ = {isa = PBXBuildFile; fileRef = 965215822719374300FEED35 /* AllCollectionViewCell.xib */; };
		96521589271943A300FEED35 /* Mobile.swift in Sources */ = {isa = PBXBuildFile; fileRef = 96521588271943A300FEED35 /* Mobile.swift */; };
		9652158E271944C400FEED35 /* MobileDetail.swift in Sources */ = {isa = PBXBuildFile; fileRef = 9652158D271944C400FEED35 /* MobileDetail.swift */; };
		965215932719D04800FEED35 /* AllMobileViewModel.swift in Sources */ = {isa = PBXBuildFile; fileRef = 965215922719D04800FEED35 /* AllMobileViewModel.swift */; };
		965215AB271A195700FEED35 /* Enums.swift in Sources */ = {isa = PBXBuildFile; fileRef = 965215AA271A195700FEED35 /* Enums.swift */; };
		965215F7271A2B1200FEED35 /* GoogleService-Info.plist in Resources */ = {isa = PBXBuildFile; fileRef = 965215F6271A2B1200FEED35 /* GoogleService-Info.plist */; };
		965215FC271A303000FEED35 /* AlertBuilder.swift in Sources */ = {isa = PBXBuildFile; fileRef = 965215FB271A303000FEED35 /* AlertBuilder.swift */; };
		96521601271A369800FEED35 /* FavouriteViewModel.swift in Sources */ = {isa = PBXBuildFile; fileRef = 96521600271A369800FEED35 /* FavouriteViewModel.swift */; };
		96521621271B404100FEED35 /* SecondVC.swift in Sources */ = {isa = PBXBuildFile; fileRef = 96521620271B404100FEED35 /* SecondVC.swift */; };
		96521627271B433700FEED35 /* AllTableViewCell.swift in Sources */ = {isa = PBXBuildFile; fileRef = 96521625271B433700FEED35 /* AllTableViewCell.swift */; };
		96521628271B433700FEED35 /* AllTableViewCell.xib in Resources */ = {isa = PBXBuildFile; fileRef = 96521626271B433700FEED35 /* AllTableViewCell.xib */; };
		A65D1D25B768F79971550E2D /* Pods_MobileApps.framework in Frameworks */ = {isa = PBXBuildFile; fileRef = 74DBE6DBE95FD4A72095A52F /* Pods_MobileApps.framework */; };
		E67CCBD06F35BAFD0E084FD1 /* Pods_MobileAppsTests.framework in Frameworks */ = {isa = PBXBuildFile; fileRef = 05141F157A68D4BDED85D53F /* Pods_MobileAppsTests.framework */; };
		E863DA495996D253DB2719FF /* Pods_MobileApps_MobileAppsUITests.framework in Frameworks */ = {isa = PBXBuildFile; fileRef = 0AD6F993F0F6FB365EA65EBB /* Pods_MobileApps_MobileAppsUITests.framework */; };
/* End PBXBuildFile section */

/* Begin PBXContainerItemProxy section */
		96182E7127149DB100DCDD9B /* PBXContainerItemProxy */ = {
			isa = PBXContainerItemProxy;
			containerPortal = 96182E5227149DA900DCDD9B /* Project object */;
			proxyType = 1;
			remoteGlobalIDString = 96182E5927149DA900DCDD9B;
			remoteInfo = MobileApps;
		};
		96182E7C27149DB100DCDD9B /* PBXContainerItemProxy */ = {
			isa = PBXContainerItemProxy;
			containerPortal = 96182E5227149DA900DCDD9B /* Project object */;
			proxyType = 1;
			remoteGlobalIDString = 96182E5927149DA900DCDD9B;
			remoteInfo = MobileApps;
		};
/* End PBXContainerItemProxy section */

/* Begin PBXFileReference section */
		05141F157A68D4BDED85D53F /* Pods_MobileAppsTests.framework */ = {isa = PBXFileReference; explicitFileType = wrapper.framework; includeInIndex = 0; path = Pods_MobileAppsTests.framework; sourceTree = BUILT_PRODUCTS_DIR; };
		0AD6F993F0F6FB365EA65EBB /* Pods_MobileApps_MobileAppsUITests.framework */ = {isa = PBXFileReference; explicitFileType = wrapper.framework; includeInIndex = 0; path = Pods_MobileApps_MobileAppsUITests.framework; sourceTree = BUILT_PRODUCTS_DIR; };
		14DD7AF521BD4E6BDF88EC48 /* Pods-MobileApps-MobileAppsUITests.debug.xcconfig */ = {isa = PBXFileReference; includeInIndex = 1; lastKnownFileType = text.xcconfig; name = "Pods-MobileApps-MobileAppsUITests.debug.xcconfig"; path = "Target Support Files/Pods-MobileApps-MobileAppsUITests/Pods-MobileApps-MobileAppsUITests.debug.xcconfig"; sourceTree = "<group>"; };
		2E50EABEEF48CCE26D4EE058 /* Pods-MobileAppsTests.release.xcconfig */ = {isa = PBXFileReference; includeInIndex = 1; lastKnownFileType = text.xcconfig; name = "Pods-MobileAppsTests.release.xcconfig"; path = "Target Support Files/Pods-MobileAppsTests/Pods-MobileAppsTests.release.xcconfig"; sourceTree = "<group>"; };
		364BC1C78B5EEBC1CC665F03 /* Pods-MobileApps.release.xcconfig */ = {isa = PBXFileReference; includeInIndex = 1; lastKnownFileType = text.xcconfig; name = "Pods-MobileApps.release.xcconfig"; path = "Target Support Files/Pods-MobileApps/Pods-MobileApps.release.xcconfig"; sourceTree = "<group>"; };
		3714B524207760CA5DA52C2A /* Pods-MobileAppsTests.debug.xcconfig */ = {isa = PBXFileReference; includeInIndex = 1; lastKnownFileType = text.xcconfig; name = "Pods-MobileAppsTests.debug.xcconfig"; path = "Target Support Files/Pods-MobileAppsTests/Pods-MobileAppsTests.debug.xcconfig"; sourceTree = "<group>"; };
		74DBE6DBE95FD4A72095A52F /* Pods_MobileApps.framework */ = {isa = PBXFileReference; explicitFileType = wrapper.framework; includeInIndex = 0; path = Pods_MobileApps.framework; sourceTree = BUILT_PRODUCTS_DIR; };
		96182E5A27149DA900DCDD9B /* MobileApps.app */ = {isa = PBXFileReference; explicitFileType = wrapper.application; includeInIndex = 0; path = MobileApps.app; sourceTree = BUILT_PRODUCTS_DIR; };
		96182E5D27149DA900DCDD9B /* AppDelegate.swift */ = {isa = PBXFileReference; lastKnownFileType = sourcecode.swift; path = AppDelegate.swift; sourceTree = "<group>"; };
		96182E5F27149DA900DCDD9B /* SceneDelegate.swift */ = {isa = PBXFileReference; lastKnownFileType = sourcecode.swift; path = SceneDelegate.swift; sourceTree = "<group>"; };
		96182E6127149DA900DCDD9B /* ViewController.swift */ = {isa = PBXFileReference; lastKnownFileType = sourcecode.swift; path = ViewController.swift; sourceTree = "<group>"; };
		96182E6427149DA900DCDD9B /* Base */ = {isa = PBXFileReference; lastKnownFileType = file.storyboard; name = Base; path = Base.lproj/Main.storyboard; sourceTree = "<group>"; };
		96182E6627149DB100DCDD9B /* Assets.xcassets */ = {isa = PBXFileReference; lastKnownFileType = folder.assetcatalog; path = Assets.xcassets; sourceTree = "<group>"; };
		96182E6927149DB100DCDD9B /* Base */ = {isa = PBXFileReference; lastKnownFileType = file.storyboard; name = Base; path = Base.lproj/LaunchScreen.storyboard; sourceTree = "<group>"; };
		96182E6B27149DB100DCDD9B /* Info.plist */ = {isa = PBXFileReference; lastKnownFileType = text.plist.xml; path = Info.plist; sourceTree = "<group>"; };
		96182E7027149DB100DCDD9B /* MobileAppsTests.xctest */ = {isa = PBXFileReference; explicitFileType = wrapper.cfbundle; includeInIndex = 0; path = MobileAppsTests.xctest; sourceTree = BUILT_PRODUCTS_DIR; };
		96182E7427149DB100DCDD9B /* MobileAppsTests.swift */ = {isa = PBXFileReference; lastKnownFileType = sourcecode.swift; path = MobileAppsTests.swift; sourceTree = "<group>"; };
		96182E7627149DB100DCDD9B /* Info.plist */ = {isa = PBXFileReference; lastKnownFileType = text.plist.xml; path = Info.plist; sourceTree = "<group>"; };
		96182E7B27149DB100DCDD9B /* MobileAppsUITests.xctest */ = {isa = PBXFileReference; explicitFileType = wrapper.cfbundle; includeInIndex = 0; path = MobileAppsUITests.xctest; sourceTree = BUILT_PRODUCTS_DIR; };
		96182E7F27149DB100DCDD9B /* MobileAppsUITests.swift */ = {isa = PBXFileReference; lastKnownFileType = sourcecode.swift; path = MobileAppsUITests.swift; sourceTree = "<group>"; };
		96182E8127149DB100DCDD9B /* Info.plist */ = {isa = PBXFileReference; lastKnownFileType = text.plist.xml; path = Info.plist; sourceTree = "<group>"; };
		96182E9127149E2700DCDD9B /* NetworkManager.swift */ = {isa = PBXFileReference; lastKnownFileType = sourcecode.swift; path = NetworkManager.swift; sourceTree = "<group>"; };
		96182E9A27149E3E00DCDD9B /* URLManager.swift */ = {isa = PBXFileReference; lastKnownFileType = sourcecode.swift; path = URLManager.swift; sourceTree = "<group>"; };
		96182E9F27149E5300DCDD9B /* DataProvider.swift */ = {isa = PBXFileReference; lastKnownFileType = sourcecode.swift; path = DataProvider.swift; sourceTree = "<group>"; };
		96182EAD2714A19E00DCDD9B /* Extension.swift */ = {isa = PBXFileReference; lastKnownFileType = sourcecode.swift; path = Extension.swift; sourceTree = "<group>"; };
		96182EB52714A1D100DCDD9B /* Constants.swift */ = {isa = PBXFileReference; lastKnownFileType = sourcecode.swift; path = Constants.swift; sourceTree = "<group>"; };
		965215812719374300FEED35 /* AllCollectionViewCell.swift */ = {isa = PBXFileReference; lastKnownFileType = sourcecode.swift; path = AllCollectionViewCell.swift; sourceTree = "<group>"; };
		965215822719374300FEED35 /* AllCollectionViewCell.xib */ = {isa = PBXFileReference; lastKnownFileType = file.xib; path = AllCollectionViewCell.xib; sourceTree = "<group>"; };
		96521588271943A300FEED35 /* Mobile.swift */ = {isa = PBXFileReference; lastKnownFileType = sourcecode.swift; path = Mobile.swift; sourceTree = "<group>"; };
		9652158D271944C400FEED35 /* MobileDetail.swift */ = {isa = PBXFileReference; lastKnownFileType = sourcecode.swift; path = MobileDetail.swift; sourceTree = "<group>"; };
		965215922719D04800FEED35 /* AllMobileViewModel.swift */ = {isa = PBXFileReference; lastKnownFileType = sourcecode.swift; path = AllMobileViewModel.swift; sourceTree = "<group>"; };
		965215AA271A195700FEED35 /* Enums.swift */ = {isa = PBXFileReference; lastKnownFileType = sourcecode.swift; path = Enums.swift; sourceTree = "<group>"; };
		965215F6271A2B1200FEED35 /* GoogleService-Info.plist */ = {isa = PBXFileReference; fileEncoding = 4; lastKnownFileType = text.plist.xml; path = "GoogleService-Info.plist"; sourceTree = "<group>"; };
		965215FB271A303000FEED35 /* AlertBuilder.swift */ = {isa = PBXFileReference; lastKnownFileType = sourcecode.swift; path = AlertBuilder.swift; sourceTree = "<group>"; };
		96521600271A369800FEED35 /* FavouriteViewModel.swift */ = {isa = PBXFileReference; lastKnownFileType = sourcecode.swift; path = FavouriteViewModel.swift; sourceTree = "<group>"; };
		96521620271B404100FEED35 /* SecondVC.swift */ = {isa = PBXFileReference; lastKnownFileType = sourcecode.swift; path = SecondVC.swift; sourceTree = "<group>"; };
		96521625271B433700FEED35 /* AllTableViewCell.swift */ = {isa = PBXFileReference; lastKnownFileType = sourcecode.swift; path = AllTableViewCell.swift; sourceTree = "<group>"; };
		96521626271B433700FEED35 /* AllTableViewCell.xib */ = {isa = PBXFileReference; lastKnownFileType = file.xib; path = AllTableViewCell.xib; sourceTree = "<group>"; };
		9E1F0C9EA04403DE786448CE /* Pods-MobileApps.debug.xcconfig */ = {isa = PBXFileReference; includeInIndex = 1; lastKnownFileType = text.xcconfig; name = "Pods-MobileApps.debug.xcconfig"; path = "Target Support Files/Pods-MobileApps/Pods-MobileApps.debug.xcconfig"; sourceTree = "<group>"; };
		BABBD569C7B007B509911B10 /* Pods-MobileApps-MobileAppsUITests.release.xcconfig */ = {isa = PBXFileReference; includeInIndex = 1; lastKnownFileType = text.xcconfig; name = "Pods-MobileApps-MobileAppsUITests.release.xcconfig"; path = "Target Support Files/Pods-MobileApps-MobileAppsUITests/Pods-MobileApps-MobileAppsUITests.release.xcconfig"; sourceTree = "<group>"; };
/* End PBXFileReference section */

/* Begin PBXFrameworksBuildPhase section */
		96182E5727149DA900DCDD9B /* Frameworks */ = {
			isa = PBXFrameworksBuildPhase;
			buildActionMask = 2147483647;
			files = (
				A65D1D25B768F79971550E2D /* Pods_MobileApps.framework in Frameworks */,
			);
			runOnlyForDeploymentPostprocessing = 0;
		};
		96182E6D27149DB100DCDD9B /* Frameworks */ = {
			isa = PBXFrameworksBuildPhase;
			buildActionMask = 2147483647;
			files = (
				E67CCBD06F35BAFD0E084FD1 /* Pods_MobileAppsTests.framework in Frameworks */,
			);
			runOnlyForDeploymentPostprocessing = 0;
		};
		96182E7827149DB100DCDD9B /* Frameworks */ = {
			isa = PBXFrameworksBuildPhase;
			buildActionMask = 2147483647;
			files = (
				E863DA495996D253DB2719FF /* Pods_MobileApps_MobileAppsUITests.framework in Frameworks */,
			);
			runOnlyForDeploymentPostprocessing = 0;
		};
/* End PBXFrameworksBuildPhase section */

/* Begin PBXGroup section */
		228F1AE4945E59F0DFC2E73E /* Pods */ = {
			isa = PBXGroup;
			children = (
				9E1F0C9EA04403DE786448CE /* Pods-MobileApps.debug.xcconfig */,
				364BC1C78B5EEBC1CC665F03 /* Pods-MobileApps.release.xcconfig */,
				14DD7AF521BD4E6BDF88EC48 /* Pods-MobileApps-MobileAppsUITests.debug.xcconfig */,
				BABBD569C7B007B509911B10 /* Pods-MobileApps-MobileAppsUITests.release.xcconfig */,
				3714B524207760CA5DA52C2A /* Pods-MobileAppsTests.debug.xcconfig */,
				2E50EABEEF48CCE26D4EE058 /* Pods-MobileAppsTests.release.xcconfig */,
			);
			path = Pods;
			sourceTree = "<group>";
		};
		96182E5127149DA900DCDD9B = {
			isa = PBXGroup;
			children = (
				96182E5C27149DA900DCDD9B /* MobileApps */,
				96182E7327149DB100DCDD9B /* MobileAppsTests */,
				96182E7E27149DB100DCDD9B /* MobileAppsUITests */,
				96182E5B27149DA900DCDD9B /* Products */,
				228F1AE4945E59F0DFC2E73E /* Pods */,
				A685F6A2A42992C21ACA9979 /* Frameworks */,
			);
			sourceTree = "<group>";
		};
		96182E5B27149DA900DCDD9B /* Products */ = {
			isa = PBXGroup;
			children = (
				96182E5A27149DA900DCDD9B /* MobileApps.app */,
				96182E7027149DB100DCDD9B /* MobileAppsTests.xctest */,
				96182E7B27149DB100DCDD9B /* MobileAppsUITests.xctest */,
			);
			name = Products;
			sourceTree = "<group>";
		};
		96182E5C27149DA900DCDD9B /* MobileApps */ = {
			isa = PBXGroup;
			children = (
				96182EAC2714A19100DCDD9B /* Common */,
				96182EA827149E9B00DCDD9B /* StoryBoard */,
				96182EA727149E7F00DCDD9B /* Application */,
				96182EA627149E7700DCDD9B /* Model */,
				96182EA527149E7100DCDD9B /* View */,
				96182EA427149E6400DCDD9B /* ViewModel */,
				96182E9027149E1500DCDD9B /* Services */,
				96182E6627149DB100DCDD9B /* Assets.xcassets */,
				96182E6B27149DB100DCDD9B /* Info.plist */,
				965215F6271A2B1200FEED35 /* GoogleService-Info.plist */,
			);
			path = MobileApps;
			sourceTree = "<group>";
		};
		96182E7327149DB100DCDD9B /* MobileAppsTests */ = {
			isa = PBXGroup;
			children = (
				96182E7427149DB100DCDD9B /* MobileAppsTests.swift */,
				96182E7627149DB100DCDD9B /* Info.plist */,
			);
			path = MobileAppsTests;
			sourceTree = "<group>";
		};
		96182E7E27149DB100DCDD9B /* MobileAppsUITests */ = {
			isa = PBXGroup;
			children = (
				96182E7F27149DB100DCDD9B /* MobileAppsUITests.swift */,
				96182E8127149DB100DCDD9B /* Info.plist */,
			);
			path = MobileAppsUITests;
			sourceTree = "<group>";
		};
		96182E9027149E1500DCDD9B /* Services */ = {
			isa = PBXGroup;
			children = (
				96182E9127149E2700DCDD9B /* NetworkManager.swift */,
				96182E9A27149E3E00DCDD9B /* URLManager.swift */,
				96182E9F27149E5300DCDD9B /* DataProvider.swift */,
			);
			path = Services;
			sourceTree = "<group>";
		};
		96182EA427149E6400DCDD9B /* ViewModel */ = {
			isa = PBXGroup;
			children = (
				965215922719D04800FEED35 /* AllMobileViewModel.swift */,
				96521600271A369800FEED35 /* FavouriteViewModel.swift */,
			);
			path = ViewModel;
			sourceTree = "<group>";
		};
		96182EA527149E7100DCDD9B /* View */ = {
			isa = PBXGroup;
			children = (
				9652157227191C8300FEED35 /* Cell */,
				96182E6327149DA900DCDD9B /* Main.storyboard */,
				96182E6127149DA900DCDD9B /* ViewController.swift */,
				96521620271B404100FEED35 /* SecondVC.swift */,
			);
			path = View;
			sourceTree = "<group>";
		};
		96182EA627149E7700DCDD9B /* Model */ = {
			isa = PBXGroup;
			children = (
				96521588271943A300FEED35 /* Mobile.swift */,
				9652158D271944C400FEED35 /* MobileDetail.swift */,
			);
			path = Model;
			sourceTree = "<group>";
		};
		96182EA727149E7F00DCDD9B /* Application */ = {
			isa = PBXGroup;
			children = (
				96182E5F27149DA900DCDD9B /* SceneDelegate.swift */,
				96182E5D27149DA900DCDD9B /* AppDelegate.swift */,
			);
			path = Application;
			sourceTree = "<group>";
		};
		96182EA827149E9B00DCDD9B /* StoryBoard */ = {
			isa = PBXGroup;
			children = (
				96182E6827149DB100DCDD9B /* LaunchScreen.storyboard */,
			);
			path = StoryBoard;
			sourceTree = "<group>";
		};
		96182EAC2714A19100DCDD9B /* Common */ = {
			isa = PBXGroup;
			children = (
				96182EAD2714A19E00DCDD9B /* Extension.swift */,
				96182EB52714A1D100DCDD9B /* Constants.swift */,
				965215AA271A195700FEED35 /* Enums.swift */,
				965215FB271A303000FEED35 /* AlertBuilder.swift */,
			);
			path = Common;
			sourceTree = "<group>";
		};
		9652157227191C8300FEED35 /* Cell */ = {
			isa = PBXGroup;
			children = (
				965215812719374300FEED35 /* AllCollectionViewCell.swift */,
				965215822719374300FEED35 /* AllCollectionViewCell.xib */,
				96521625271B433700FEED35 /* AllTableViewCell.swift */,
				96521626271B433700FEED35 /* AllTableViewCell.xib */,
			);
			path = Cell;
			sourceTree = "<group>";
		};
		A685F6A2A42992C21ACA9979 /* Frameworks */ = {
			isa = PBXGroup;
			children = (
				74DBE6DBE95FD4A72095A52F /* Pods_MobileApps.framework */,
				0AD6F993F0F6FB365EA65EBB /* Pods_MobileApps_MobileAppsUITests.framework */,
				05141F157A68D4BDED85D53F /* Pods_MobileAppsTests.framework */,
			);
			name = Frameworks;
			sourceTree = "<group>";
		};
/* End PBXGroup section */

/* Begin PBXNativeTarget section */
		96182E5927149DA900DCDD9B /* MobileApps */ = {
			isa = PBXNativeTarget;
			buildConfigurationList = 96182E8427149DB100DCDD9B /* Build configuration list for PBXNativeTarget "MobileApps" */;
			buildPhases = (
				1AAA770EAD4CA828C0EDB632 /* [CP] Check Pods Manifest.lock */,
				96182E5627149DA900DCDD9B /* Sources */,
				96182E5727149DA900DCDD9B /* Frameworks */,
				96182E5827149DA900DCDD9B /* Resources */,
				CE040A69C70C676F742F5B5A /* [CP] Embed Pods Frameworks */,
			);
			buildRules = (
			);
			dependencies = (
			);
			name = MobileApps;
			productName = MobileApps;
			productReference = 96182E5A27149DA900DCDD9B /* MobileApps.app */;
			productType = "com.apple.product-type.application";
		};
		96182E6F27149DB100DCDD9B /* MobileAppsTests */ = {
			isa = PBXNativeTarget;
			buildConfigurationList = 96182E8727149DB100DCDD9B /* Build configuration list for PBXNativeTarget "MobileAppsTests" */;
			buildPhases = (
				831DF3F24900A1B38EFA35C7 /* [CP] Check Pods Manifest.lock */,
				96182E6C27149DB100DCDD9B /* Sources */,
				96182E6D27149DB100DCDD9B /* Frameworks */,
				96182E6E27149DB100DCDD9B /* Resources */,
			);
			buildRules = (
			);
			dependencies = (
				96182E7227149DB100DCDD9B /* PBXTargetDependency */,
			);
			name = MobileAppsTests;
			productName = MobileAppsTests;
			productReference = 96182E7027149DB100DCDD9B /* MobileAppsTests.xctest */;
			productType = "com.apple.product-type.bundle.unit-test";
		};
		96182E7A27149DB100DCDD9B /* MobileAppsUITests */ = {
			isa = PBXNativeTarget;
			buildConfigurationList = 96182E8A27149DB100DCDD9B /* Build configuration list for PBXNativeTarget "MobileAppsUITests" */;
			buildPhases = (
				56CAAD2C33089728FCBDA4F4 /* [CP] Check Pods Manifest.lock */,
				96182E7727149DB100DCDD9B /* Sources */,
				96182E7827149DB100DCDD9B /* Frameworks */,
				96182E7927149DB100DCDD9B /* Resources */,
				C3231C6FFE161949C8DF3A2A /* [CP] Embed Pods Frameworks */,
			);
			buildRules = (
			);
			dependencies = (
				96182E7D27149DB100DCDD9B /* PBXTargetDependency */,
			);
			name = MobileAppsUITests;
			productName = MobileAppsUITests;
			productReference = 96182E7B27149DB100DCDD9B /* MobileAppsUITests.xctest */;
			productType = "com.apple.product-type.bundle.ui-testing";
		};
/* End PBXNativeTarget section */

/* Begin PBXProject section */
		96182E5227149DA900DCDD9B /* Project object */ = {
			isa = PBXProject;
			attributes = {
				LastSwiftUpdateCheck = 1230;
				LastUpgradeCheck = 1230;
				TargetAttributes = {
					96182E5927149DA900DCDD9B = {
						CreatedOnToolsVersion = 12.3;
					};
					96182E6F27149DB100DCDD9B = {
						CreatedOnToolsVersion = 12.3;
						TestTargetID = 96182E5927149DA900DCDD9B;
					};
					96182E7A27149DB100DCDD9B = {
						CreatedOnToolsVersion = 12.3;
						TestTargetID = 96182E5927149DA900DCDD9B;
					};
				};
			};
			buildConfigurationList = 96182E5527149DA900DCDD9B /* Build configuration list for PBXProject "MobileApps" */;
			compatibilityVersion = "Xcode 9.3";
			developmentRegion = en;
			hasScannedForEncodings = 0;
			knownRegions = (
				en,
				Base,
			);
			mainGroup = 96182E5127149DA900DCDD9B;
			productRefGroup = 96182E5B27149DA900DCDD9B /* Products */;
			projectDirPath = "";
			projectRoot = "";
			targets = (
				96182E5927149DA900DCDD9B /* MobileApps */,
				96182E6F27149DB100DCDD9B /* MobileAppsTests */,
				96182E7A27149DB100DCDD9B /* MobileAppsUITests */,
			);
		};
/* End PBXProject section */

/* Begin PBXResourcesBuildPhase section */
		96182E5827149DA900DCDD9B /* Resources */ = {
			isa = PBXResourcesBuildPhase;
			buildActionMask = 2147483647;
			files = (
				96182E6A27149DB100DCDD9B /* LaunchScreen.storyboard in Resources */,
				96182E6727149DB100DCDD9B /* Assets.xcassets in Resources */,
				965215F7271A2B1200FEED35 /* GoogleService-Info.plist in Resources */,
				965215842719374300FEED35 /* AllCollectionViewCell.xib in Resources */,
				96182E6527149DA900DCDD9B /* Main.storyboard in Resources */,
				96521628271B433700FEED35 /* AllTableViewCell.xib in Resources */,
			);
			runOnlyForDeploymentPostprocessing = 0;
		};
		96182E6E27149DB100DCDD9B /* Resources */ = {
			isa = PBXResourcesBuildPhase;
			buildActionMask = 2147483647;
			files = (
			);
			runOnlyForDeploymentPostprocessing = 0;
		};
		96182E7927149DB100DCDD9B /* Resources */ = {
			isa = PBXResourcesBuildPhase;
			buildActionMask = 2147483647;
			files = (
			);
			runOnlyForDeploymentPostprocessing = 0;
		};
/* End PBXResourcesBuildPhase section */

/* Begin PBXShellScriptBuildPhase section */
		1AAA770EAD4CA828C0EDB632 /* [CP] Check Pods Manifest.lock */ = {
			isa = PBXShellScriptBuildPhase;
			buildActionMask = 2147483647;
			files = (
			);
			inputFileListPaths = (
			);
			inputPaths = (
				"${PODS_PODFILE_DIR_PATH}/Podfile.lock",
				"${PODS_ROOT}/Manifest.lock",
			);
			name = "[CP] Check Pods Manifest.lock";
			outputFileListPaths = (
			);
			outputPaths = (
				"$(DERIVED_FILE_DIR)/Pods-MobileApps-checkManifestLockResult.txt",
			);
			runOnlyForDeploymentPostprocessing = 0;
			shellPath = /bin/sh;
			shellScript = "diff \"${PODS_PODFILE_DIR_PATH}/Podfile.lock\" \"${PODS_ROOT}/Manifest.lock\" > /dev/null\nif [ $? != 0 ] ; then\n    # print error to STDERR\n    echo \"error: The sandbox is not in sync with the Podfile.lock. Run 'pod install' or update your CocoaPods installation.\" >&2\n    exit 1\nfi\n# This output is used by Xcode 'outputs' to avoid re-running this script phase.\necho \"SUCCESS\" > \"${SCRIPT_OUTPUT_FILE_0}\"\n";
			showEnvVarsInLog = 0;
		};
		56CAAD2C33089728FCBDA4F4 /* [CP] Check Pods Manifest.lock */ = {
			isa = PBXShellScriptBuildPhase;
			buildActionMask = 2147483647;
			files = (
			);
			inputFileListPaths = (
			);
			inputPaths = (
				"${PODS_PODFILE_DIR_PATH}/Podfile.lock",
				"${PODS_ROOT}/Manifest.lock",
			);
			name = "[CP] Check Pods Manifest.lock";
			outputFileListPaths = (
			);
			outputPaths = (
				"$(DERIVED_FILE_DIR)/Pods-MobileApps-MobileAppsUITests-checkManifestLockResult.txt",
			);
			runOnlyForDeploymentPostprocessing = 0;
			shellPath = /bin/sh;
			shellScript = "diff \"${PODS_PODFILE_DIR_PATH}/Podfile.lock\" \"${PODS_ROOT}/Manifest.lock\" > /dev/null\nif [ $? != 0 ] ; then\n    # print error to STDERR\n    echo \"error: The sandbox is not in sync with the Podfile.lock. Run 'pod install' or update your CocoaPods installation.\" >&2\n    exit 1\nfi\n# This output is used by Xcode 'outputs' to avoid re-running this script phase.\necho \"SUCCESS\" > \"${SCRIPT_OUTPUT_FILE_0}\"\n";
			showEnvVarsInLog = 0;
		};
		831DF3F24900A1B38EFA35C7 /* [CP] Check Pods Manifest.lock */ = {
			isa = PBXShellScriptBuildPhase;
			buildActionMask = 2147483647;
			files = (
			);
			inputFileListPaths = (
			);
			inputPaths = (
				"${PODS_PODFILE_DIR_PATH}/Podfile.lock",
				"${PODS_ROOT}/Manifest.lock",
			);
			name = "[CP] Check Pods Manifest.lock";
			outputFileListPaths = (
			);
			outputPaths = (
				"$(DERIVED_FILE_DIR)/Pods-MobileAppsTests-checkManifestLockResult.txt",
			);
			runOnlyForDeploymentPostprocessing = 0;
			shellPath = /bin/sh;
			shellScript = "diff \"${PODS_PODFILE_DIR_PATH}/Podfile.lock\" \"${PODS_ROOT}/Manifest.lock\" > /dev/null\nif [ $? != 0 ] ; then\n    # print error to STDERR\n    echo \"error: The sandbox is not in sync with the Podfile.lock. Run 'pod install' or update your CocoaPods installation.\" >&2\n    exit 1\nfi\n# This output is used by Xcode 'outputs' to avoid re-running this script phase.\necho \"SUCCESS\" > \"${SCRIPT_OUTPUT_FILE_0}\"\n";
			showEnvVarsInLog = 0;
		};
		C3231C6FFE161949C8DF3A2A /* [CP] Embed Pods Frameworks */ = {
			isa = PBXShellScriptBuildPhase;
			buildActionMask = 2147483647;
			files = (
			);
			inputFileListPaths = (
				"${PODS_ROOT}/Target Support Files/Pods-MobileApps-MobileAppsUITests/Pods-MobileApps-MobileAppsUITests-frameworks-${CONFIGURATION}-input-files.xcfilelist",
			);
			name = "[CP] Embed Pods Frameworks";
			outputFileListPaths = (
				"${PODS_ROOT}/Target Support Files/Pods-MobileApps-MobileAppsUITests/Pods-MobileApps-MobileAppsUITests-frameworks-${CONFIGURATION}-output-files.xcfilelist",
			);
			runOnlyForDeploymentPostprocessing = 0;
			shellPath = /bin/sh;
			shellScript = "\"${PODS_ROOT}/Target Support Files/Pods-MobileApps-MobileAppsUITests/Pods-MobileApps-MobileAppsUITests-frameworks.sh\"\n";
			showEnvVarsInLog = 0;
		};
		CE040A69C70C676F742F5B5A /* [CP] Embed Pods Frameworks */ = {
			isa = PBXShellScriptBuildPhase;
			buildActionMask = 2147483647;
			files = (
			);
			inputFileListPaths = (
				"${PODS_ROOT}/Target Support Files/Pods-MobileApps/Pods-MobileApps-frameworks-${CONFIGURATION}-input-files.xcfilelist",
			);
			name = "[CP] Embed Pods Frameworks";
			outputFileListPaths = (
				"${PODS_ROOT}/Target Support Files/Pods-MobileApps/Pods-MobileApps-frameworks-${CONFIGURATION}-output-files.xcfilelist",
			);
			runOnlyForDeploymentPostprocessing = 0;
			shellPath = /bin/sh;
			shellScript = "\"${PODS_ROOT}/Target Support Files/Pods-MobileApps/Pods-MobileApps-frameworks.sh\"\n";
			showEnvVarsInLog = 0;
		};
/* End PBXShellScriptBuildPhase section */

/* Begin PBXSourcesBuildPhase section */
		96182E5627149DA900DCDD9B /* Sources */ = {
			isa = PBXSourcesBuildPhase;
			buildActionMask = 2147483647;
			files = (
				96182EA027149E5300DCDD9B /* DataProvider.swift in Sources */,
				96521601271A369800FEED35 /* FavouriteViewModel.swift in Sources */,
				96521627271B433700FEED35 /* AllTableViewCell.swift in Sources */,
				96182E9227149E2700DCDD9B /* NetworkManager.swift in Sources */,
				96182EAE2714A19E00DCDD9B /* Extension.swift in Sources */,
				96182E6227149DA900DCDD9B /* ViewController.swift in Sources */,
				96182E5E27149DA900DCDD9B /* AppDelegate.swift in Sources */,
				9652158E271944C400FEED35 /* MobileDetail.swift in Sources */,
				965215AB271A195700FEED35 /* Enums.swift in Sources */,
				965215832719374300FEED35 /* AllCollectionViewCell.swift in Sources */,
				96182E9B27149E3E00DCDD9B /* URLManager.swift in Sources */,
				96182E6027149DA900DCDD9B /* SceneDelegate.swift in Sources */,
				965215FC271A303000FEED35 /* AlertBuilder.swift in Sources */,
				96182EB62714A1D100DCDD9B /* Constants.swift in Sources */,
				965215932719D04800FEED35 /* AllMobileViewModel.swift in Sources */,
				96521621271B404100FEED35 /* SecondVC.swift in Sources */,
				96521589271943A300FEED35 /* Mobile.swift in Sources */,
			);
			runOnlyForDeploymentPostprocessing = 0;
		};
		96182E6C27149DB100DCDD9B /* Sources */ = {
			isa = PBXSourcesBuildPhase;
			buildActionMask = 2147483647;
			files = (
				96182E7527149DB100DCDD9B /* MobileAppsTests.swift in Sources */,
			);
			runOnlyForDeploymentPostprocessing = 0;
		};
		96182E7727149DB100DCDD9B /* Sources */ = {
			isa = PBXSourcesBuildPhase;
			buildActionMask = 2147483647;
			files = (
				96182E8027149DB100DCDD9B /* MobileAppsUITests.swift in Sources */,
			);
			runOnlyForDeploymentPostprocessing = 0;
		};
/* End PBXSourcesBuildPhase section */

/* Begin PBXTargetDependency section */
		96182E7227149DB100DCDD9B /* PBXTargetDependency */ = {
			isa = PBXTargetDependency;
			target = 96182E5927149DA900DCDD9B /* MobileApps */;
			targetProxy = 96182E7127149DB100DCDD9B /* PBXContainerItemProxy */;
		};
		96182E7D27149DB100DCDD9B /* PBXTargetDependency */ = {
			isa = PBXTargetDependency;
			target = 96182E5927149DA900DCDD9B /* MobileApps */;
			targetProxy = 96182E7C27149DB100DCDD9B /* PBXContainerItemProxy */;
		};
/* End PBXTargetDependency section */

/* Begin PBXVariantGroup section */
		96182E6327149DA900DCDD9B /* Main.storyboard */ = {
			isa = PBXVariantGroup;
			children = (
				96182E6427149DA900DCDD9B /* Base */,
			);
			name = Main.storyboard;
			sourceTree = "<group>";
		};
		96182E6827149DB100DCDD9B /* LaunchScreen.storyboard */ = {
			isa = PBXVariantGroup;
			children = (
				96182E6927149DB100DCDD9B /* Base */,
			);
			name = LaunchScreen.storyboard;
			sourceTree = "<group>";
		};
/* End PBXVariantGroup section */

/* Begin XCBuildConfiguration section */
		96182E8227149DB100DCDD9B /* Debug */ = {
			isa = XCBuildConfiguration;
			buildSettings = {
				ALWAYS_SEARCH_USER_PATHS = NO;
				CLANG_ANALYZER_NONNULL = YES;
				CLANG_ANALYZER_NUMBER_OBJECT_CONVERSION = YES_AGGRESSIVE;
				CLANG_CXX_LANGUAGE_STANDARD = "gnu++14";
				CLANG_CXX_LIBRARY = "libc++";
				CLANG_ENABLE_MODULES = YES;
				CLANG_ENABLE_OBJC_ARC = YES;
				CLANG_ENABLE_OBJC_WEAK = YES;
				CLANG_WARN_BLOCK_CAPTURE_AUTORELEASING = YES;
				CLANG_WARN_BOOL_CONVERSION = YES;
				CLANG_WARN_COMMA = YES;
				CLANG_WARN_CONSTANT_CONVERSION = YES;
				CLANG_WARN_DEPRECATED_OBJC_IMPLEMENTATIONS = YES;
				CLANG_WARN_DIRECT_OBJC_ISA_USAGE = YES_ERROR;
				CLANG_WARN_DOCUMENTATION_COMMENTS = YES;
				CLANG_WARN_EMPTY_BODY = YES;
				CLANG_WARN_ENUM_CONVERSION = YES;
				CLANG_WARN_INFINITE_RECURSION = YES;
				CLANG_WARN_INT_CONVERSION = YES;
				CLANG_WARN_NON_LITERAL_NULL_CONVERSION = YES;
				CLANG_WARN_OBJC_IMPLICIT_RETAIN_SELF = YES;
				CLANG_WARN_OBJC_LITERAL_CONVERSION = YES;
				CLANG_WARN_OBJC_ROOT_CLASS = YES_ERROR;
				CLANG_WARN_QUOTED_INCLUDE_IN_FRAMEWORK_HEADER = YES;
				CLANG_WARN_RANGE_LOOP_ANALYSIS = YES;
				CLANG_WARN_STRICT_PROTOTYPES = YES;
				CLANG_WARN_SUSPICIOUS_MOVE = YES;
				CLANG_WARN_UNGUARDED_AVAILABILITY = YES_AGGRESSIVE;
				CLANG_WARN_UNREACHABLE_CODE = YES;
				CLANG_WARN__DUPLICATE_METHOD_MATCH = YES;
				COPY_PHASE_STRIP = NO;
				DEBUG_INFORMATION_FORMAT = dwarf;
				ENABLE_STRICT_OBJC_MSGSEND = YES;
				ENABLE_TESTABILITY = YES;
				GCC_C_LANGUAGE_STANDARD = gnu11;
				GCC_DYNAMIC_NO_PIC = NO;
				GCC_NO_COMMON_BLOCKS = YES;
				GCC_OPTIMIZATION_LEVEL = 0;
				GCC_PREPROCESSOR_DEFINITIONS = (
					"DEBUG=1",
					"$(inherited)",
				);
				GCC_WARN_64_TO_32_BIT_CONVERSION = YES;
				GCC_WARN_ABOUT_RETURN_TYPE = YES_ERROR;
				GCC_WARN_UNDECLARED_SELECTOR = YES;
				GCC_WARN_UNINITIALIZED_AUTOS = YES_AGGRESSIVE;
				GCC_WARN_UNUSED_FUNCTION = YES;
				GCC_WARN_UNUSED_VARIABLE = YES;
				IPHONEOS_DEPLOYMENT_TARGET = 14.3;
				MTL_ENABLE_DEBUG_INFO = INCLUDE_SOURCE;
				MTL_FAST_MATH = YES;
				ONLY_ACTIVE_ARCH = YES;
				SDKROOT = iphoneos;
				SWIFT_ACTIVE_COMPILATION_CONDITIONS = DEBUG;
				SWIFT_OPTIMIZATION_LEVEL = "-Onone";
			};
			name = Debug;
		};
		96182E8327149DB100DCDD9B /* Release */ = {
			isa = XCBuildConfiguration;
			buildSettings = {
				ALWAYS_SEARCH_USER_PATHS = NO;
				CLANG_ANALYZER_NONNULL = YES;
				CLANG_ANALYZER_NUMBER_OBJECT_CONVERSION = YES_AGGRESSIVE;
				CLANG_CXX_LANGUAGE_STANDARD = "gnu++14";
				CLANG_CXX_LIBRARY = "libc++";
				CLANG_ENABLE_MODULES = YES;
				CLANG_ENABLE_OBJC_ARC = YES;
				CLANG_ENABLE_OBJC_WEAK = YES;
				CLANG_WARN_BLOCK_CAPTURE_AUTORELEASING = YES;
				CLANG_WARN_BOOL_CONVERSION = YES;
				CLANG_WARN_COMMA = YES;
				CLANG_WARN_CONSTANT_CONVERSION = YES;
				CLANG_WARN_DEPRECATED_OBJC_IMPLEMENTATIONS = YES;
				CLANG_WARN_DIRECT_OBJC_ISA_USAGE = YES_ERROR;
				CLANG_WARN_DOCUMENTATION_COMMENTS = YES;
				CLANG_WARN_EMPTY_BODY = YES;
				CLANG_WARN_ENUM_CONVERSION = YES;
				CLANG_WARN_INFINITE_RECURSION = YES;
				CLANG_WARN_INT_CONVERSION = YES;
				CLANG_WARN_NON_LITERAL_NULL_CONVERSION = YES;
				CLANG_WARN_OBJC_IMPLICIT_RETAIN_SELF = YES;
				CLANG_WARN_OBJC_LITERAL_CONVERSION = YES;
				CLANG_WARN_OBJC_ROOT_CLASS = YES_ERROR;
				CLANG_WARN_QUOTED_INCLUDE_IN_FRAMEWORK_HEADER = YES;
				CLANG_WARN_RANGE_LOOP_ANALYSIS = YES;
				CLANG_WARN_STRICT_PROTOTYPES = YES;
				CLANG_WARN_SUSPICIOUS_MOVE = YES;
				CLANG_WARN_UNGUARDED_AVAILABILITY = YES_AGGRESSIVE;
				CLANG_WARN_UNREACHABLE_CODE = YES;
				CLANG_WARN__DUPLICATE_METHOD_MATCH = YES;
				COPY_PHASE_STRIP = NO;
				DEBUG_INFORMATION_FORMAT = "dwarf-with-dsym";
				ENABLE_NS_ASSERTIONS = NO;
				ENABLE_STRICT_OBJC_MSGSEND = YES;
				GCC_C_LANGUAGE_STANDARD = gnu11;
				GCC_NO_COMMON_BLOCKS = YES;
				GCC_WARN_64_TO_32_BIT_CONVERSION = YES;
				GCC_WARN_ABOUT_RETURN_TYPE = YES_ERROR;
				GCC_WARN_UNDECLARED_SELECTOR = YES;
				GCC_WARN_UNINITIALIZED_AUTOS = YES_AGGRESSIVE;
				GCC_WARN_UNUSED_FUNCTION = YES;
				GCC_WARN_UNUSED_VARIABLE = YES;
				IPHONEOS_DEPLOYMENT_TARGET = 14.3;
				MTL_ENABLE_DEBUG_INFO = NO;
				MTL_FAST_MATH = YES;
				SDKROOT = iphoneos;
				SWIFT_COMPILATION_MODE = wholemodule;
				SWIFT_OPTIMIZATION_LEVEL = "-O";
				VALIDATE_PRODUCT = YES;
			};
			name = Release;
		};
		96182E8527149DB100DCDD9B /* Debug */ = {
			isa = XCBuildConfiguration;
			baseConfigurationReference = 9E1F0C9EA04403DE786448CE /* Pods-MobileApps.debug.xcconfig */;
			buildSettings = {
				ASSETCATALOG_COMPILER_APPICON_NAME = AppIcon;
				ASSETCATALOG_COMPILER_GLOBAL_ACCENT_COLOR_NAME = AccentColor;
				CODE_SIGN_STYLE = Automatic;
				INFOPLIST_FILE = MobileApps/Info.plist;
				IPHONEOS_DEPLOYMENT_TARGET = 12.0;
				LD_RUNPATH_SEARCH_PATHS = (
					"$(inherited)",
					"@executable_path/Frameworks",
				);
				PRODUCT_BUNDLE_IDENTIFIER = com.abdul.MobileApps;
				PRODUCT_NAME = "$(TARGET_NAME)";
				SWIFT_VERSION = 5.0;
				TARGETED_DEVICE_FAMILY = 1;
			};
			name = Debug;
		};
		96182E8627149DB100DCDD9B /* Release */ = {
			isa = XCBuildConfiguration;
			baseConfigurationReference = 364BC1C78B5EEBC1CC665F03 /* Pods-MobileApps.release.xcconfig */;
			buildSettings = {
				ASSETCATALOG_COMPILER_APPICON_NAME = AppIcon;
				ASSETCATALOG_COMPILER_GLOBAL_ACCENT_COLOR_NAME = AccentColor;
				CODE_SIGN_STYLE = Automatic;
				INFOPLIST_FILE = MobileApps/Info.plist;
				IPHONEOS_DEPLOYMENT_TARGET = 12.0;
				LD_RUNPATH_SEARCH_PATHS = (
					"$(inherited)",
					"@executable_path/Frameworks",
				);
				PRODUCT_BUNDLE_IDENTIFIER = com.abdul.MobileApps;
				PRODUCT_NAME = "$(TARGET_NAME)";
				SWIFT_VERSION = 5.0;
				TARGETED_DEVICE_FAMILY = 1;
			};
			name = Release;
		};
		96182E8827149DB100DCDD9B /* Debug */ = {
			isa = XCBuildConfiguration;
			baseConfigurationReference = 3714B524207760CA5DA52C2A /* Pods-MobileAppsTests.debug.xcconfig */;
			buildSettings = {
				ALWAYS_EMBED_SWIFT_STANDARD_LIBRARIES = YES;
				BUNDLE_LOADER = "$(TEST_HOST)";
				CODE_SIGN_STYLE = Automatic;
				INFOPLIST_FILE = MobileAppsTests/Info.plist;
				IPHONEOS_DEPLOYMENT_TARGET = 14.3;
				LD_RUNPATH_SEARCH_PATHS = (
					"$(inherited)",
					"@executable_path/Frameworks",
					"@loader_path/Frameworks",
				);
				PRODUCT_BUNDLE_IDENTIFIER = com.abdul.MobileAppsTests;
				PRODUCT_NAME = "$(TARGET_NAME)";
				SWIFT_VERSION = 5.0;
				TARGETED_DEVICE_FAMILY = "1,2";
				TEST_HOST = "$(BUILT_PRODUCTS_DIR)/MobileApps.app/MobileApps";
			};
			name = Debug;
		};
		96182E8927149DB100DCDD9B /* Release */ = {
			isa = XCBuildConfiguration;
			baseConfigurationReference = 2E50EABEEF48CCE26D4EE058 /* Pods-MobileAppsTests.release.xcconfig */;
			buildSettings = {
				ALWAYS_EMBED_SWIFT_STANDARD_LIBRARIES = YES;
				BUNDLE_LOADER = "$(TEST_HOST)";
				CODE_SIGN_STYLE = Automatic;
				INFOPLIST_FILE = MobileAppsTests/Info.plist;
				IPHONEOS_DEPLOYMENT_TARGET = 14.3;
				LD_RUNPATH_SEARCH_PATHS = (
					"$(inherited)",
					"@executable_path/Frameworks",
					"@loader_path/Frameworks",
				);
				PRODUCT_BUNDLE_IDENTIFIER = com.abdul.MobileAppsTests;
				PRODUCT_NAME = "$(TARGET_NAME)";
				SWIFT_VERSION = 5.0;
				TARGETED_DEVICE_FAMILY = "1,2";
				TEST_HOST = "$(BUILT_PRODUCTS_DIR)/MobileApps.app/MobileApps";
			};
			name = Release;
		};
		96182E8B27149DB100DCDD9B /* Debug */ = {
			isa = XCBuildConfiguration;
			baseConfigurationReference = 14DD7AF521BD4E6BDF88EC48 /* Pods-MobileApps-MobileAppsUITests.debug.xcconfig */;
			buildSettings = {
				ALWAYS_EMBED_SWIFT_STANDARD_LIBRARIES = YES;
				CODE_SIGN_STYLE = Automatic;
				INFOPLIST_FILE = MobileAppsUITests/Info.plist;
				LD_RUNPATH_SEARCH_PATHS = (
					"$(inherited)",
					"@executable_path/Frameworks",
					"@loader_path/Frameworks",
				);
				PRODUCT_BUNDLE_IDENTIFIER = com.abdul.MobileAppsUITests;
				PRODUCT_NAME = "$(TARGET_NAME)";
				SWIFT_VERSION = 5.0;
				TARGETED_DEVICE_FAMILY = "1,2";
				TEST_TARGET_NAME = MobileApps;
			};
			name = Debug;
		};
		96182E8C27149DB100DCDD9B /* Release */ = {
			isa = XCBuildConfiguration;
			baseConfigurationReference = BABBD569C7B007B509911B10 /* Pods-MobileApps-MobileAppsUITests.release.xcconfig */;
			buildSettings = {
				ALWAYS_EMBED_SWIFT_STANDARD_LIBRARIES = YES;
				CODE_SIGN_STYLE = Automatic;
				INFOPLIST_FILE = MobileAppsUITests/Info.plist;
				LD_RUNPATH_SEARCH_PATHS = (
					"$(inherited)",
					"@executable_path/Frameworks",
					"@loader_path/Frameworks",
				);
				PRODUCT_BUNDLE_IDENTIFIER = com.abdul.MobileAppsUITests;
				PRODUCT_NAME = "$(TARGET_NAME)";
				SWIFT_VERSION = 5.0;
				TARGETED_DEVICE_FAMILY = "1,2";
				TEST_TARGET_NAME = MobileApps;
			};
			name = Release;
		};
/* End XCBuildConfiguration section */

/* Begin XCConfigurationList section */
		96182E5527149DA900DCDD9B /* Build configuration list for PBXProject "MobileApps" */ = {
			isa = XCConfigurationList;
			buildConfigurations = (
				96182E8227149DB100DCDD9B /* Debug */,
				96182E8327149DB100DCDD9B /* Release */,
			);
			defaultConfigurationIsVisible = 0;
			defaultConfigurationName = Release;
		};
		96182E8427149DB100DCDD9B /* Build configuration list for PBXNativeTarget "MobileApps" */ = {
			isa = XCConfigurationList;
			buildConfigurations = (
				96182E8527149DB100DCDD9B /* Debug */,
				96182E8627149DB100DCDD9B /* Release */,
			);
			defaultConfigurationIsVisible = 0;
			defaultConfigurationName = Release;
		};
		96182E8727149DB100DCDD9B /* Build configuration list for PBXNativeTarget "MobileAppsTests" */ = {
			isa = XCConfigurationList;
			buildConfigurations = (
				96182E8827149DB100DCDD9B /* Debug */,
				96182E8927149DB100DCDD9B /* Release */,
			);
			defaultConfigurationIsVisible = 0;
			defaultConfigurationName = Release;
		};
		96182E8A27149DB100DCDD9B /* Build configuration list for PBXNativeTarget "MobileAppsUITests" */ = {
			isa = XCConfigurationList;
			buildConfigurations = (
				96182E8B27149DB100DCDD9B /* Debug */,
				96182E8C27149DB100DCDD9B /* Release */,
			);
			defaultConfigurationIsVisible = 0;
			defaultConfigurationName = Release;
		};
/* End XCConfigurationList section */
	};
	rootObject = 96182E5227149DA900DCDD9B /* Project object */;
}
