// !$*UTF8*$!
{
	archiveVersion = 1;
	classes = {
	};
	objectVersion = 50;
	objects = {

/* Begin PBXBuildFile section */
		96182E5E27149DA900DCDD9B /* AppDelegate.swift in Sources */ = {isa = PBXBuildFile; fileRef = 96182E5D27149DA900DCDD9B /* AppDelegate.swift */; };
		96182E6027149DA900DCDD9B /* SceneDelegate.swift in Sources */ = {isa = PBXBuildFile; fileRef = 96182E5F27149DA900DCDD9B /* SceneDelegate.swift */; };
		96182E6227149DA900DCDD9B /* ViewController.swift in Sources */ = {isa = PBXBuildFile; fileRef = 96182E6127149DA900DCDD9B /* ViewController.swift */; };
		96182E6527149DA900DCDD9B /* Main.storyboard in Resources */ = {isa = PBXBuildFile; fileRef = 96182E6327149DA900DCDD9B /* Main.storyboard */; };
		96182E6727149DB100DCDD9B /* Assets.xcassets in Resources */ = {isa = PBXBuildFile; fileRef = 96182E6627149DB100DCDD9B /* Assets.xcassets */; };
		96182E6A27149DB100DCDD9B /* LaunchScreen.storyboard in Resources */ = {isa = PBXBuildFile; fileRef = 96182E6827149DB100DCDD9B /* LaunchScreen.storyboard */; };
		96182E7527149DB100DCDD9B /* MobileAppsTests.swift in Sources */ = {isa = PBXBuildFile; fileRef = 96182E7427149DB100DCDD9B /* MobileAppsTests.swift */; };
		96182E8027149DB100DCDD9B /* MobileAppsUITests.swift in Sources */ = {isa = PBXBuildFile; fileRef = 96182E7F27149DB100DCDD9B /* MobileAppsUITests.swift */; };
		96182E9227149E2700DCDD9B /* NetworkManager.swift in Sources */ = {isa = PBXBuildFile; fileRef = 96182E9127149E2700DCDD9B /* NetworkManager.swift */; };
		96182E9B27149E3E00DCDD9B /* URLManager.swift in Sources */ = {isa = PBXBuildFile; fileRef = 96182E9A27149E3E00DCDD9B /* URLManager.swift */; };
		96182EA027149E5300DCDD9B /* DataProvider.swift in Sources */ = {isa = PBXBuildFile; fileRef = 96182E9F27149E5300DCDD9B /* DataProvider.swift */; };
		96182EAE2714A19E00DCDD9B /* Extension.swift in Sources */ = {isa = PBXBuildFile; fileRef = 96182EAD2714A19E00DCDD9B /* Extension.swift */; };
		96182EB62714A1D100DCDD9B /* Constants.swift in Sources */ = {isa = PBXBuildFile; fileRef = 96182EB52714A1D100DCDD9B /* Constants.swift */; };
		965215492717B97500FEED35 /* AllMobileVC.swift in Sources */ = {isa = PBXBuildFile; fileRef = 965215482717B97500FEED35 /* AllMobileVC.swift */; };
		9652154E2717B99A00FEED35 /* FavouriteMobileVC.swift in Sources */ = {isa = PBXBuildFile; fileRef = 9652154D2717B99A00FEED35 /* FavouriteMobileVC.swift */; };
/* End PBXBuildFile section */

/* Begin PBXContainerItemProxy section */
		96182E7127149DB100DCDD9B /* PBXContainerItemProxy */ = {
			isa = PBXContainerItemProxy;
			containerPortal = 96182E5227149DA900DCDD9B /* Project object */;
			proxyType = 1;
			remoteGlobalIDString = 96182E5927149DA900DCDD9B;
			remoteInfo = MobileApps;
		};
		96182E7C27149DB100DCDD9B /* PBXContainerItemProxy */ = {
			isa = PBXContainerItemProxy;
			containerPortal = 96182E5227149DA900DCDD9B /* Project object */;
			proxyType = 1;
			remoteGlobalIDString = 96182E5927149DA900DCDD9B;
			remoteInfo = MobileApps;
		};
/* End PBXContainerItemProxy section */

/* Begin PBXFileReference section */
		96182E5A27149DA900DCDD9B /* MobileApps.app */ = {isa = PBXFileReference; explicitFileType = wrapper.application; includeInIndex = 0; path = MobileApps.app; sourceTree = BUILT_PRODUCTS_DIR; };
		96182E5D27149DA900DCDD9B /* AppDelegate.swift */ = {isa = PBXFileReference; lastKnownFileType = sourcecode.swift; path = AppDelegate.swift; sourceTree = "<group>"; };
		96182E5F27149DA900DCDD9B /* SceneDelegate.swift */ = {isa = PBXFileReference; lastKnownFileType = sourcecode.swift; path = SceneDelegate.swift; sourceTree = "<group>"; };
		96182E6127149DA900DCDD9B /* ViewController.swift */ = {isa = PBXFileReference; lastKnownFileType = sourcecode.swift; path = ViewController.swift; sourceTree = "<group>"; };
		96182E6427149DA900DCDD9B /* Base */ = {isa = PBXFileReference; lastKnownFileType = file.storyboard; name = Base; path = Base.lproj/Main.storyboard; sourceTree = "<group>"; };
		96182E6627149DB100DCDD9B /* Assets.xcassets */ = {isa = PBXFileReference; lastKnownFileType = folder.assetcatalog; path = Assets.xcassets; sourceTree = "<group>"; };
		96182E6927149DB100DCDD9B /* Base */ = {isa = PBXFileReference; lastKnownFileType = file.storyboard; name = Base; path = Base.lproj/LaunchScreen.storyboard; sourceTree = "<group>"; };
		96182E6B27149DB100DCDD9B /* Info.plist */ = {isa = PBXFileReference; lastKnownFileType = text.plist.xml; path = Info.plist; sourceTree = "<group>"; };
		96182E7027149DB100DCDD9B /* MobileAppsTests.xctest */ = {isa = PBXFileReference; explicitFileType = wrapper.cfbundle; includeInIndex = 0; path = MobileAppsTests.xctest; sourceTree = BUILT_PRODUCTS_DIR; };
		96182E7427149DB100DCDD9B /* MobileAppsTests.swift */ = {isa = PBXFileReference; lastKnownFileType = sourcecode.swift; path = MobileAppsTests.swift; sourceTree = "<group>"; };
		96182E7627149DB100DCDD9B /* Info.plist */ = {isa = PBXFileReference; lastKnownFileType = text.plist.xml; path = Info.plist; sourceTree = "<group>"; };
		96182E7B27149DB100DCDD9B /* MobileAppsUITests.xctest */ = {isa = PBXFileReference; explicitFileType = wrapper.cfbundle; includeInIndex = 0; path = MobileAppsUITests.xctest; sourceTree = BUILT_PRODUCTS_DIR; };
		96182E7F27149DB100DCDD9B /* MobileAppsUITests.swift */ = {isa = PBXFileReference; lastKnownFileType = sourcecode.swift; path = MobileAppsUITests.swift; sourceTree = "<group>"; };
		96182E8127149DB100DCDD9B /* Info.plist */ = {isa = PBXFileReference; lastKnownFileType = text.plist.xml; path = Info.plist; sourceTree = "<group>"; };
		96182E9127149E2700DCDD9B /* NetworkManager.swift */ = {isa = PBXFileReference; lastKnownFileType = sourcecode.swift; path = NetworkManager.swift; sourceTree = "<group>"; };
		96182E9A27149E3E00DCDD9B /* URLManager.swift */ = {isa = PBXFileReference; lastKnownFileType = sourcecode.swift; path = URLManager.swift; sourceTree = "<group>"; };
		96182E9F27149E5300DCDD9B /* DataProvider.swift */ = {isa = PBXFileReference; lastKnownFileType = sourcecode.swift; path = DataProvider.swift; sourceTree = "<group>"; };
		96182EAD2714A19E00DCDD9B /* Extension.swift */ = {isa = PBXFileReference; lastKnownFileType = sourcecode.swift; path = Extension.swift; sourceTree = "<group>"; };
		96182EB52714A1D100DCDD9B /* Constants.swift */ = {isa = PBXFileReference; lastKnownFileType = sourcecode.swift; path = Constants.swift; sourceTree = "<group>"; };
		965215482717B97500FEED35 /* AllMobileVC.swift */ = {isa = PBXFileReference; lastKnownFileType = sourcecode.swift; path = AllMobileVC.swift; sourceTree = "<group>"; };
		9652154D2717B99A00FEED35 /* FavouriteMobileVC.swift */ = {isa = PBXFileReference; lastKnownFileType = sourcecode.swift; path = FavouriteMobileVC.swift; sourceTree = "<group>"; };
/* End PBXFileReference section */

/* Begin PBXFrameworksBuildPhase section */
		96182E5727149DA900DCDD9B /* Frameworks */ = {
			isa = PBXFrameworksBuildPhase;
			buildActionMask = 2147483647;
			files = (
			);
			runOnlyForDeploymentPostprocessing = 0;
		};
		96182E6D27149DB100DCDD9B /* Frameworks */ = {
			isa = PBXFrameworksBuildPhase;
			buildActionMask = 2147483647;
			files = (
			);
			runOnlyForDeploymentPostprocessing = 0;
		};
		96182E7827149DB100DCDD9B /* Frameworks */ = {
			isa = PBXFrameworksBuildPhase;
			buildActionMask = 2147483647;
			files = (
			);
			runOnlyForDeploymentPostprocessing = 0;
		};
/* End PBXFrameworksBuildPhase section */

/* Begin PBXGroup section */
		96182E5127149DA900DCDD9B = {
			isa = PBXGroup;
			children = (
				96182E5C27149DA900DCDD9B /* MobileApps */,
				96182E7327149DB100DCDD9B /* MobileAppsTests */,
				96182E7E27149DB100DCDD9B /* MobileAppsUITests */,
				96182E5B27149DA900DCDD9B /* Products */,
			);
			sourceTree = "<group>";
		};
		96182E5B27149DA900DCDD9B /* Products */ = {
			isa = PBXGroup;
			children = (
				96182E5A27149DA900DCDD9B /* MobileApps.app */,
				96182E7027149DB100DCDD9B /* MobileAppsTests.xctest */,
				96182E7B27149DB100DCDD9B /* MobileAppsUITests.xctest */,
			);
			name = Products;
			sourceTree = "<group>";
		};
		96182E5C27149DA900DCDD9B /* MobileApps */ = {
			isa = PBXGroup;
			children = (
				96182EAC2714A19100DCDD9B /* Common */,
				96182EA827149E9B00DCDD9B /* StoryBoard */,
				96182EA727149E7F00DCDD9B /* Application */,
				96182EA627149E7700DCDD9B /* Model */,
				96182EA527149E7100DCDD9B /* View */,
				96182EA427149E6400DCDD9B /* ViewModel */,
				96182E9027149E1500DCDD9B /* Services */,
				96182E6627149DB100DCDD9B /* Assets.xcassets */,
				96182E6B27149DB100DCDD9B /* Info.plist */,
			);
			path = MobileApps;
			sourceTree = "<group>";
		};
		96182E7327149DB100DCDD9B /* MobileAppsTests */ = {
			isa = PBXGroup;
			children = (
				96182E7427149DB100DCDD9B /* MobileAppsTests.swift */,
				96182E7627149DB100DCDD9B /* Info.plist */,
			);
			path = MobileAppsTests;
			sourceTree = "<group>";
		};
		96182E7E27149DB100DCDD9B /* MobileAppsUITests */ = {
			isa = PBXGroup;
			children = (
				96182E7F27149DB100DCDD9B /* MobileAppsUITests.swift */,
				96182E8127149DB100DCDD9B /* Info.plist */,
			);
			path = MobileAppsUITests;
			sourceTree = "<group>";
		};
		96182E9027149E1500DCDD9B /* Services */ = {
			isa = PBXGroup;
			children = (
				96182E9127149E2700DCDD9B /* NetworkManager.swift */,
				96182E9A27149E3E00DCDD9B /* URLManager.swift */,
				96182E9F27149E5300DCDD9B /* DataProvider.swift */,
			);
			path = Services;
			sourceTree = "<group>";
		};
		96182EA427149E6400DCDD9B /* ViewModel */ = {
			isa = PBXGroup;
			children = (
			);
			path = ViewModel;
			sourceTree = "<group>";
		};
		96182EA527149E7100DCDD9B /* View */ = {
			isa = PBXGroup;
			children = (
				96182E6327149DA900DCDD9B /* Main.storyboard */,
				96182E6127149DA900DCDD9B /* ViewController.swift */,
				965215482717B97500FEED35 /* AllMobileVC.swift */,
				9652154D2717B99A00FEED35 /* FavouriteMobileVC.swift */,
			);
			path = View;
			sourceTree = "<group>";
		};
		96182EA627149E7700DCDD9B /* Model */ = {
			isa = PBXGroup;
			children = (
			);
			path = Model;
			sourceTree = "<group>";
		};
		96182EA727149E7F00DCDD9B /* Application */ = {
			isa = PBXGroup;
			children = (
				96182E5F27149DA900DCDD9B /* SceneDelegate.swift */,
				96182E5D27149DA900DCDD9B /* AppDelegate.swift */,
			);
			path = Application;
			sourceTree = "<group>";
		};
		96182EA827149E9B00DCDD9B /* StoryBoard */ = {
			isa = PBXGroup;
			children = (
				96182E6827149DB100DCDD9B /* LaunchScreen.storyboard */,
			);
			path = StoryBoard;
			sourceTree = "<group>";
		};
		96182EAC2714A19100DCDD9B /* Common */ = {
			isa = PBXGroup;
			children = (
				96182EAD2714A19E00DCDD9B /* Extension.swift */,
				96182EB52714A1D100DCDD9B /* Constants.swift */,
			);
			path = Common;
			sourceTree = "<group>";
		};
/* End PBXGroup section */

/* Begin PBXNativeTarget section */
		96182E5927149DA900DCDD9B /* MobileApps */ = {
			isa = PBXNativeTarget;
			buildConfigurationList = 96182E8427149DB100DCDD9B /* Build configuration list for PBXNativeTarget "MobileApps" */;
			buildPhases = (
				96182E5627149DA900DCDD9B /* Sources */,
				96182E5727149DA900DCDD9B /* Frameworks */,
				96182E5827149DA900DCDD9B /* Resources */,
			);
			buildRules = (
			);
			dependencies = (
			);
			name = MobileApps;
			productName = MobileApps;
			productReference = 96182E5A27149DA900DCDD9B /* MobileApps.app */;
			productType = "com.apple.product-type.application";
		};
		96182E6F27149DB100DCDD9B /* MobileAppsTests */ = {
			isa = PBXNativeTarget;
			buildConfigurationList = 96182E8727149DB100DCDD9B /* Build configuration list for PBXNativeTarget "MobileAppsTests" */;
			buildPhases = (
				96182E6C27149DB100DCDD9B /* Sources */,
				96182E6D27149DB100DCDD9B /* Frameworks */,
				96182E6E27149DB100DCDD9B /* Resources */,
			);
			buildRules = (
			);
			dependencies = (
				96182E7227149DB100DCDD9B /* PBXTargetDependency */,
			);
			name = MobileAppsTests;
			productName = MobileAppsTests;
			productReference = 96182E7027149DB100DCDD9B /* MobileAppsTests.xctest */;
			productType = "com.apple.product-type.bundle.unit-test";
		};
		96182E7A27149DB100DCDD9B /* MobileAppsUITests */ = {
			isa = PBXNativeTarget;
			buildConfigurationList = 96182E8A27149DB100DCDD9B /* Build configuration list for PBXNativeTarget "MobileAppsUITests" */;
			buildPhases = (
				96182E7727149DB100DCDD9B /* Sources */,
				96182E7827149DB100DCDD9B /* Frameworks */,
				96182E7927149DB100DCDD9B /* Resources */,
			);
			buildRules = (
			);
			dependencies = (
				96182E7D27149DB100DCDD9B /* PBXTargetDependency */,
			);
			name = MobileAppsUITests;
			productName = MobileAppsUITests;
			productReference = 96182E7B27149DB100DCDD9B /* MobileAppsUITests.xctest */;
			productType = "com.apple.product-type.bundle.ui-testing";
		};
/* End PBXNativeTarget section */

/* Begin PBXProject section */
		96182E5227149DA900DCDD9B /* Project object */ = {
			isa = PBXProject;
			attributes = {
				LastSwiftUpdateCheck = 1230;
				LastUpgradeCheck = 1230;
				TargetAttributes = {
					96182E5927149DA900DCDD9B = {
						CreatedOnToolsVersion = 12.3;
					};
					96182E6F27149DB100DCDD9B = {
						CreatedOnToolsVersion = 12.3;
						TestTargetID = 96182E5927149DA900DCDD9B;
					};
					96182E7A27149DB100DCDD9B = {
						CreatedOnToolsVersion = 12.3;
						TestTargetID = 96182E5927149DA900DCDD9B;
					};
				};
			};
			buildConfigurationList = 96182E5527149DA900DCDD9B /* Build configuration list for PBXProject "MobileApps" */;
			compatibilityVersion = "Xcode 9.3";
			developmentRegion = en;
			hasScannedForEncodings = 0;
			knownRegions = (
				en,
				Base,
			);
			mainGroup = 96182E5127149DA900DCDD9B;
			productRefGroup = 96182E5B27149DA900DCDD9B /* Products */;
			projectDirPath = "";
			projectRoot = "";
			targets = (
				96182E5927149DA900DCDD9B /* MobileApps */,
				96182E6F27149DB100DCDD9B /* MobileAppsTests */,
				96182E7A27149DB100DCDD9B /* MobileAppsUITests */,
			);
		};
/* End PBXProject section */

/* Begin PBXResourcesBuildPhase section */
		96182E5827149DA900DCDD9B /* Resources */ = {
			isa = PBXResourcesBuildPhase;
			buildActionMask = 2147483647;
			files = (
				96182E6A27149DB100DCDD9B /* LaunchScreen.storyboard in Resources */,
				96182E6727149DB100DCDD9B /* Assets.xcassets in Resources */,
				96182E6527149DA900DCDD9B /* Main.storyboard in Resources */,
			);
			runOnlyForDeploymentPostprocessing = 0;
		};
		96182E6E27149DB100DCDD9B /* Resources */ = {
			isa = PBXResourcesBuildPhase;
			buildActionMask = 2147483647;
			files = (
			);
			runOnlyForDeploymentPostprocessing = 0;
		};
		96182E7927149DB100DCDD9B /* Resources */ = {
			isa = PBXResourcesBuildPhase;
			buildActionMask = 2147483647;
			files = (
			);
			runOnlyForDeploymentPostprocessing = 0;
		};
/* End PBXResourcesBuildPhase section */

/* Begin PBXSourcesBuildPhase section */
		96182E5627149DA900DCDD9B /* Sources */ = {
			isa = PBXSourcesBuildPhase;
			buildActionMask = 2147483647;
			files = (
				9652154E2717B99A00FEED35 /* FavouriteMobileVC.swift in Sources */,
				96182EA027149E5300DCDD9B /* DataProvider.swift in Sources */,
				96182E9227149E2700DCDD9B /* NetworkManager.swift in Sources */,
				96182EAE2714A19E00DCDD9B /* Extension.swift in Sources */,
				96182E6227149DA900DCDD9B /* ViewController.swift in Sources */,
				96182E5E27149DA900DCDD9B /* AppDelegate.swift in Sources */,
				96182E9B27149E3E00DCDD9B /* URLManager.swift in Sources */,
				965215492717B97500FEED35 /* AllMobileVC.swift in Sources */,
				96182E6027149DA900DCDD9B /* SceneDelegate.swift in Sources */,
				96182EB62714A1D100DCDD9B /* Constants.swift in Sources */,
			);
			runOnlyForDeploymentPostprocessing = 0;
		};
		96182E6C27149DB100DCDD9B /* Sources */ = {
			isa = PBXSourcesBuildPhase;
			buildActionMask = 2147483647;
			files = (
				96182E7527149DB100DCDD9B /* MobileAppsTests.swift in Sources */,
			);
			runOnlyForDeploymentPostprocessing = 0;
		};
		96182E7727149DB100DCDD9B /* Sources */ = {
			isa = PBXSourcesBuildPhase;
			buildActionMask = 2147483647;
			files = (
				96182E8027149DB100DCDD9B /* MobileAppsUITests.swift in Sources */,
			);
			runOnlyForDeploymentPostprocessing = 0;
		};
/* End PBXSourcesBuildPhase section */

/* Begin PBXTargetDependency section */
		96182E7227149DB100DCDD9B /* PBXTargetDependency */ = {
			isa = PBXTargetDependency;
			target = 96182E5927149DA900DCDD9B /* MobileApps */;
			targetProxy = 96182E7127149DB100DCDD9B /* PBXContainerItemProxy */;
		};
		96182E7D27149DB100DCDD9B /* PBXTargetDependency */ = {
			isa = PBXTargetDependency;
			target = 96182E5927149DA900DCDD9B /* MobileApps */;
			targetProxy = 96182E7C27149DB100DCDD9B /* PBXContainerItemProxy */;
		};
/* End PBXTargetDependency section */

/* Begin PBXVariantGroup section */
		96182E6327149DA900DCDD9B /* Main.storyboard */ = {
			isa = PBXVariantGroup;
			children = (
				96182E6427149DA900DCDD9B /* Base */,
			);
			name = Main.storyboard;
			sourceTree = "<group>";
		};
		96182E6827149DB100DCDD9B /* LaunchScreen.storyboard */ = {
			isa = PBXVariantGroup;
			children = (
				96182E6927149DB100DCDD9B /* Base */,
			);
			name = LaunchScreen.storyboard;
			sourceTree = "<group>";
		};
/* End PBXVariantGroup section */

/* Begin XCBuildConfiguration section */
		96182E8227149DB100DCDD9B /* Debug */ = {
			isa = XCBuildConfiguration;
			buildSettings = {
				ALWAYS_SEARCH_USER_PATHS = NO;
				CLANG_ANALYZER_NONNULL = YES;
				CLANG_ANALYZER_NUMBER_OBJECT_CONVERSION = YES_AGGRESSIVE;
				CLANG_CXX_LANGUAGE_STANDARD = "gnu++14";
				CLANG_CXX_LIBRARY = "libc++";
				CLANG_ENABLE_MODULES = YES;
				CLANG_ENABLE_OBJC_ARC = YES;
				CLANG_ENABLE_OBJC_WEAK = YES;
				CLANG_WARN_BLOCK_CAPTURE_AUTORELEASING = YES;
				CLANG_WARN_BOOL_CONVERSION = YES;
				CLANG_WARN_COMMA = YES;
				CLANG_WARN_CONSTANT_CONVERSION = YES;
				CLANG_WARN_DEPRECATED_OBJC_IMPLEMENTATIONS = YES;
				CLANG_WARN_DIRECT_OBJC_ISA_USAGE = YES_ERROR;
				CLANG_WARN_DOCUMENTATION_COMMENTS = YES;
				CLANG_WARN_EMPTY_BODY = YES;
				CLANG_WARN_ENUM_CONVERSION = YES;
				CLANG_WARN_INFINITE_RECURSION = YES;
				CLANG_WARN_INT_CONVERSION = YES;
				CLANG_WARN_NON_LITERAL_NULL_CONVERSION = YES;
				CLANG_WARN_OBJC_IMPLICIT_RETAIN_SELF = YES;
				CLANG_WARN_OBJC_LITERAL_CONVERSION = YES;
				CLANG_WARN_OBJC_ROOT_CLASS = YES_ERROR;
				CLANG_WARN_QUOTED_INCLUDE_IN_FRAMEWORK_HEADER = YES;
				CLANG_WARN_RANGE_LOOP_ANALYSIS = YES;
				CLANG_WARN_STRICT_PROTOTYPES = YES;
				CLANG_WARN_SUSPICIOUS_MOVE = YES;
				CLANG_WARN_UNGUARDED_AVAILABILITY = YES_AGGRESSIVE;
				CLANG_WARN_UNREACHABLE_CODE = YES;
				CLANG_WARN__DUPLICATE_METHOD_MATCH = YES;
				COPY_PHASE_STRIP = NO;
				DEBUG_INFORMATION_FORMAT = dwarf;
				ENABLE_STRICT_OBJC_MSGSEND = YES;
				ENABLE_TESTABILITY = YES;
				GCC_C_LANGUAGE_STANDARD = gnu11;
				GCC_DYNAMIC_NO_PIC = NO;
				GCC_NO_COMMON_BLOCKS = YES;
				GCC_OPTIMIZATION_LEVEL = 0;
				GCC_PREPROCESSOR_DEFINITIONS = (
					"DEBUG=1",
					"$(inherited)",
				);
				GCC_WARN_64_TO_32_BIT_CONVERSION = YES;
				GCC_WARN_ABOUT_RETURN_TYPE = YES_ERROR;
				GCC_WARN_UNDECLARED_SELECTOR = YES;
				GCC_WARN_UNINITIALIZED_AUTOS = YES_AGGRESSIVE;
				GCC_WARN_UNUSED_FUNCTION = YES;
				GCC_WARN_UNUSED_VARIABLE = YES;
				IPHONEOS_DEPLOYMENT_TARGET = 14.3;
				MTL_ENABLE_DEBUG_INFO = INCLUDE_SOURCE;
				MTL_FAST_MATH = YES;
				ONLY_ACTIVE_ARCH = YES;
				SDKROOT = iphoneos;
				SWIFT_ACTIVE_COMPILATION_CONDITIONS = DEBUG;
				SWIFT_OPTIMIZATION_LEVEL = "-Onone";
			};
			name = Debug;
		};
		96182E8327149DB100DCDD9B /* Release */ = {
			isa = XCBuildConfiguration;
			buildSettings = {
				ALWAYS_SEARCH_USER_PATHS = NO;
				CLANG_ANALYZER_NONNULL = YES;
				CLANG_ANALYZER_NUMBER_OBJECT_CONVERSION = YES_AGGRESSIVE;
				CLANG_CXX_LANGUAGE_STANDARD = "gnu++14";
				CLANG_CXX_LIBRARY = "libc++";
				CLANG_ENABLE_MODULES = YES;
				CLANG_ENABLE_OBJC_ARC = YES;
				CLANG_ENABLE_OBJC_WEAK = YES;
				CLANG_WARN_BLOCK_CAPTURE_AUTORELEASING = YES;
				CLANG_WARN_BOOL_CONVERSION = YES;
				CLANG_WARN_COMMA = YES;
				CLANG_WARN_CONSTANT_CONVERSION = YES;
				CLANG_WARN_DEPRECATED_OBJC_IMPLEMENTATIONS = YES;
				CLANG_WARN_DIRECT_OBJC_ISA_USAGE = YES_ERROR;
				CLANG_WARN_DOCUMENTATION_COMMENTS = YES;
				CLANG_WARN_EMPTY_BODY = YES;
				CLANG_WARN_ENUM_CONVERSION = YES;
				CLANG_WARN_INFINITE_RECURSION = YES;
				CLANG_WARN_INT_CONVERSION = YES;
				CLANG_WARN_NON_LITERAL_NULL_CONVERSION = YES;
				CLANG_WARN_OBJC_IMPLICIT_RETAIN_SELF = YES;
				CLANG_WARN_OBJC_LITERAL_CONVERSION = YES;
				CLANG_WARN_OBJC_ROOT_CLASS = YES_ERROR;
				CLANG_WARN_QUOTED_INCLUDE_IN_FRAMEWORK_HEADER = YES;
				CLANG_WARN_RANGE_LOOP_ANALYSIS = YES;
				CLANG_WARN_STRICT_PROTOTYPES = YES;
				CLANG_WARN_SUSPICIOUS_MOVE = YES;
				CLANG_WARN_UNGUARDED_AVAILABILITY = YES_AGGRESSIVE;
				CLANG_WARN_UNREACHABLE_CODE = YES;
				CLANG_WARN__DUPLICATE_METHOD_MATCH = YES;
				COPY_PHASE_STRIP = NO;
				DEBUG_INFORMATION_FORMAT = "dwarf-with-dsym";
				ENABLE_NS_ASSERTIONS = NO;
				ENABLE_STRICT_OBJC_MSGSEND = YES;
				GCC_C_LANGUAGE_STANDARD = gnu11;
				GCC_NO_COMMON_BLOCKS = YES;
				GCC_WARN_64_TO_32_BIT_CONVERSION = YES;
				GCC_WARN_ABOUT_RETURN_TYPE = YES_ERROR;
				GCC_WARN_UNDECLARED_SELECTOR = YES;
				GCC_WARN_UNINITIALIZED_AUTOS = YES_AGGRESSIVE;
				GCC_WARN_UNUSED_FUNCTION = YES;
				GCC_WARN_UNUSED_VARIABLE = YES;
				IPHONEOS_DEPLOYMENT_TARGET = 14.3;
				MTL_ENABLE_DEBUG_INFO = NO;
				MTL_FAST_MATH = YES;
				SDKROOT = iphoneos;
				SWIFT_COMPILATION_MODE = wholemodule;
				SWIFT_OPTIMIZATION_LEVEL = "-O";
				VALIDATE_PRODUCT = YES;
			};
			name = Release;
		};
		96182E8527149DB100DCDD9B /* Debug */ = {
			isa = XCBuildConfiguration;
			buildSettings = {
				ASSETCATALOG_COMPILER_APPICON_NAME = AppIcon;
				ASSETCATALOG_COMPILER_GLOBAL_ACCENT_COLOR_NAME = AccentColor;
				CODE_SIGN_STYLE = Automatic;
				INFOPLIST_FILE = MobileApps/Info.plist;
				LD_RUNPATH_SEARCH_PATHS = (
					"$(inherited)",
					"@executable_path/Frameworks",
				);
				PRODUCT_BUNDLE_IDENTIFIER = com.abdul.MobileApps;
				PRODUCT_NAME = "$(TARGET_NAME)";
				SWIFT_VERSION = 5.0;
				TARGETED_DEVICE_FAMILY = "1,2";
			};
			name = Debug;
		};
		96182E8627149DB100DCDD9B /* Release */ = {
			isa = XCBuildConfiguration;
			buildSettings = {
				ASSETCATALOG_COMPILER_APPICON_NAME = AppIcon;
				ASSETCATALOG_COMPILER_GLOBAL_ACCENT_COLOR_NAME = AccentColor;
				CODE_SIGN_STYLE = Automatic;
				INFOPLIST_FILE = MobileApps/Info.plist;
				LD_RUNPATH_SEARCH_PATHS = (
					"$(inherited)",
					"@executable_path/Frameworks",
				);
				PRODUCT_BUNDLE_IDENTIFIER = com.abdul.MobileApps;
				PRODUCT_NAME = "$(TARGET_NAME)";
				SWIFT_VERSION = 5.0;
				TARGETED_DEVICE_FAMILY = "1,2";
			};
			name = Release;
		};
		96182E8827149DB100DCDD9B /* Debug */ = {
			isa = XCBuildConfiguration;
			buildSettings = {
				ALWAYS_EMBED_SWIFT_STANDARD_LIBRARIES = YES;
				BUNDLE_LOADER = "$(TEST_HOST)";
				CODE_SIGN_STYLE = Automatic;
				INFOPLIST_FILE = MobileAppsTests/Info.plist;
				IPHONEOS_DEPLOYMENT_TARGET = 14.3;
				LD_RUNPATH_SEARCH_PATHS = (
					"$(inherited)",
					"@executable_path/Frameworks",
					"@loader_path/Frameworks",
				);
				PRODUCT_BUNDLE_IDENTIFIER = com.abdul.MobileAppsTests;
				PRODUCT_NAME = "$(TARGET_NAME)";
				SWIFT_VERSION = 5.0;
				TARGETED_DEVICE_FAMILY = "1,2";
				TEST_HOST = "$(BUILT_PRODUCTS_DIR)/MobileApps.app/MobileApps";
			};
			name = Debug;
		};
		96182E8927149DB100DCDD9B /* Release */ = {
			isa = XCBuildConfiguration;
			buildSettings = {
				ALWAYS_EMBED_SWIFT_STANDARD_LIBRARIES = YES;
				BUNDLE_LOADER = "$(TEST_HOST)";
				CODE_SIGN_STYLE = Automatic;
				INFOPLIST_FILE = MobileAppsTests/Info.plist;
				IPHONEOS_DEPLOYMENT_TARGET = 14.3;
				LD_RUNPATH_SEARCH_PATHS = (
					"$(inherited)",
					"@executable_path/Frameworks",
					"@loader_path/Frameworks",
				);
				PRODUCT_BUNDLE_IDENTIFIER = com.abdul.MobileAppsTests;
				PRODUCT_NAME = "$(TARGET_NAME)";
				SWIFT_VERSION = 5.0;
				TARGETED_DEVICE_FAMILY = "1,2";
				TEST_HOST = "$(BUILT_PRODUCTS_DIR)/MobileApps.app/MobileApps";
			};
			name = Release;
		};
		96182E8B27149DB100DCDD9B /* Debug */ = {
			isa = XCBuildConfiguration;
			buildSettings = {
				ALWAYS_EMBED_SWIFT_STANDARD_LIBRARIES = YES;
				CODE_SIGN_STYLE = Automatic;
				INFOPLIST_FILE = MobileAppsUITests/Info.plist;
				LD_RUNPATH_SEARCH_PATHS = (
					"$(inherited)",
					"@executable_path/Frameworks",
					"@loader_path/Frameworks",
				);
				PRODUCT_BUNDLE_IDENTIFIER = com.abdul.MobileAppsUITests;
				PRODUCT_NAME = "$(TARGET_NAME)";
				SWIFT_VERSION = 5.0;
				TARGETED_DEVICE_FAMILY = "1,2";
				TEST_TARGET_NAME = MobileApps;
			};
			name = Debug;
		};
		96182E8C27149DB100DCDD9B /* Release */ = {
			isa = XCBuildConfiguration;
			buildSettings = {
				ALWAYS_EMBED_SWIFT_STANDARD_LIBRARIES = YES;
				CODE_SIGN_STYLE = Automatic;
				INFOPLIST_FILE = MobileAppsUITests/Info.plist;
				LD_RUNPATH_SEARCH_PATHS = (
					"$(inherited)",
					"@executable_path/Frameworks",
					"@loader_path/Frameworks",
				);
				PRODUCT_BUNDLE_IDENTIFIER = com.abdul.MobileAppsUITests;
				PRODUCT_NAME = "$(TARGET_NAME)";
				SWIFT_VERSION = 5.0;
				TARGETED_DEVICE_FAMILY = "1,2";
				TEST_TARGET_NAME = MobileApps;
			};
			name = Release;
		};
/* End XCBuildConfiguration section */

/* Begin XCConfigurationList section */
		96182E5527149DA900DCDD9B /* Build configuration list for PBXProject "MobileApps" */ = {
			isa = XCConfigurationList;
			buildConfigurations = (
				96182E8227149DB100DCDD9B /* Debug */,
				96182E8327149DB100DCDD9B /* Release */,
			);
			defaultConfigurationIsVisible = 0;
			defaultConfigurationName = Release;
		};
		96182E8427149DB100DCDD9B /* Build configuration list for PBXNativeTarget "MobileApps" */ = {
			isa = XCConfigurationList;
			buildConfigurations = (
				96182E8527149DB100DCDD9B /* Debug */,
				96182E8627149DB100DCDD9B /* Release */,
			);
			defaultConfigurationIsVisible = 0;
			defaultConfigurationName = Release;
		};
		96182E8727149DB100DCDD9B /* Build configuration list for PBXNativeTarget "MobileAppsTests" */ = {
			isa = XCConfigurationList;
			buildConfigurations = (
				96182E8827149DB100DCDD9B /* Debug */,
				96182E8927149DB100DCDD9B /* Release */,
			);
			defaultConfigurationIsVisible = 0;
			defaultConfigurationName = Release;
		};
		96182E8A27149DB100DCDD9B /* Build configuration list for PBXNativeTarget "MobileAppsUITests" */ = {
			isa = XCConfigurationList;
			buildConfigurations = (
				96182E8B27149DB100DCDD9B /* Debug */,
				96182E8C27149DB100DCDD9B /* Release */,
			);
			defaultConfigurationIsVisible = 0;
			defaultConfigurationName = Release;
		};
/* End XCConfigurationList section */
	};
	rootObject = 96182E5227149DA900DCDD9B /* Project object */;
}
